
Microsoft Visual Studio Solution File, Format Version 12.00
# Visual Studio 15
VisualStudioVersion = 15.0.27703.2000
MinimumVisualStudioVersion = 10.0.40219.1
Project("{E24C65DC-7377-472B-9ABA-BC803B73C61A}") = "Portfolio", "Portfolio\", "{9EA4AB50-1F23-4DB7-9E13-9C71588E88AC}"
	ProjectSection(WebsiteProperties) = preProject
		TargetFrameworkMoniker = ".NETFramework,Version%3Dv4.6.1"
		Debug.AspNetCompiler.VirtualPath = "/localhost_57208"
		Debug.AspNetCompiler.PhysicalPath = "Portfolio\"
		Debug.AspNetCompiler.TargetPath = "PrecompiledWeb\localhost_57208\"
		Debug.AspNetCompiler.Updateable = "true"
		Debug.AspNetCompiler.ForceOverwrite = "true"
		Debug.AspNetCompiler.FixedNames = "false"
		Debug.AspNetCompiler.Debug = "True"
		Release.AspNetCompiler.VirtualPath = "/localhost_57208"
		Release.AspNetCompiler.PhysicalPath = "Portfolio\"
		Release.AspNetCompiler.TargetPath = "PrecompiledWeb\localhost_57208\"
		Release.AspNetCompiler.Updateable = "true"
		Release.AspNetCompiler.ForceOverwrite = "true"
		Release.AspNetCompiler.FixedNames = "false"
		Release.AspNetCompiler.Debug = "False"
		VWDPort = "57208"
		SlnRelativePath = "Portfolio\"
		DefaultWebSiteLanguage = "Visual C#"
	EndProjectSection
EndProject
Global
	GlobalSection(SolutionConfigurationPlatforms) = preSolution
		Debug|Any CPU = Debug|Any CPU
	EndGlobalSection
	GlobalSection(ProjectConfigurationPlatforms) = postSolution
		{9EA4AB50-1F23-4DB7-9E13-9C71588E88AC}.Debug|Any CPU.ActiveCfg = Debug|Any CPU
		{9EA4AB50-1F23-4DB7-9E13-9C71588E88AC}.Debug|Any CPU.Build.0 = Debug|Any CPU
	EndGlobalSection
	GlobalSection(SolutionProperties) = preSolution
		HideSolutionNode = FALSE
	EndGlobalSection
	GlobalSection(ExtensibilityGlobals) = postSolution
		SolutionGuid = {0BF2CE3A-ABB6-461F-8620-CF0B057C3205}
	EndGlobalSection
EndGlobal
